
Microsoft Visual Studio Solution File, Format Version 12.00
# Visual Studio Version 16
VisualStudioVersion = 16.0.31515.178
MinimumVisualStudioVersion = 10.0.40219.1
Project("{9A19103F-16F7-4668-BE54-9A1E7A4F7556}") = "MyTest", "MyTest\MyTest.csproj", "{406F9957-9FAA-48FD-91D8-3344B650415D}"
EndProject
Global
	GlobalSection(SolutionConfigurationPlatforms) = preSolution
		Debug|Any CPU = Debug|Any CPU
		Release|Any CPU = Release|Any CPU
	EndGlobalSection
	GlobalSection(ProjectConfigurationPlatforms) = postSolution
		{406F9957-9FAA-48FD-91D8-3344B650415D}.Debug|Any CPU.ActiveCfg = Debug|Any CPU
		{406F9957-9FAA-48FD-91D8-3344B650415D}.Debug|Any CPU.Build.0 = Debug|Any CPU
		{406F9957-9FAA-48FD-91D8-3344B650415D}.Release|Any CPU.ActiveCfg = Release|Any CPU
		{406F9957-9FAA-48FD-91D8-3344B650415D}.Release|Any CPU.Build.0 = Release|Any CPU
	EndGlobalSection
	GlobalSection(SolutionProperties) = preSolution
		HideSolutionNode = FALSE
	EndGlobalSection
	GlobalSection(ExtensibilityGlobals) = postSolution
		SolutionGuid = {A3C2EF5A-1381-40D1-9051-ABF5359FCCF7}
	EndGlobalSection
EndGlobal
